
Microsoft Visual Studio Solution File, Format Version 12.00
# Visual Studio Version 17
VisualStudioVersion = 17.10.34928.147
MinimumVisualStudioVersion = 10.0.40219.1
Project("{FAE04EC0-301F-11D3-BF4B-00C04F79EFBC}") = "tarea 4", "tarea 4\tarea 4.csproj", "{42A4A4BA-F0DC-42DA-AEA3-D2E114E79332}"
EndProject
Project("{2150E333-8FDC-42A3-9474-1A3956D46DE8}") = "img", "img", "{231CEAB5-1D23-4133-AC23-F2B15F7CF2E8}"
	ProjectSection(SolutionItems) = preProject
		a = a
	EndProjectSection
EndProject
Global
	GlobalSection(SolutionConfigurationPlatforms) = preSolution
		Debug|Any CPU = Debug|Any CPU
		Release|Any CPU = Release|Any CPU
	EndGlobalSection
	GlobalSection(ProjectConfigurationPlatforms) = postSolution
		{42A4A4BA-F0DC-42DA-AEA3-D2E114E79332}.Debug|Any CPU.ActiveCfg = Debug|Any CPU
		{42A4A4BA-F0DC-42DA-AEA3-D2E114E79332}.Debug|Any CPU.Build.0 = Debug|Any CPU
		{42A4A4BA-F0DC-42DA-AEA3-D2E114E79332}.Release|Any CPU.ActiveCfg = Release|Any CPU
		{42A4A4BA-F0DC-42DA-AEA3-D2E114E79332}.Release|Any CPU.Build.0 = Release|Any CPU
	EndGlobalSection
	GlobalSection(SolutionProperties) = preSolution
		HideSolutionNode = FALSE
	EndGlobalSection
	GlobalSection(ExtensibilityGlobals) = postSolution
		SolutionGuid = {B358C3DF-09FD-4FBD-AD0E-CAD82BBC88CE}
	EndGlobalSection
EndGlobal
